{
  "name": "nomnomljs",
  "version": "0.1.0",
  "lockfileVersion": 1,
  "requires": true,
  "dependencies": {
    "file-saver": {
      "version": "2.0.5",
      "resolved": "https://registry.npmjs.org/file-saver/-/file-saver-2.0.5.tgz",
      "integrity": "sha512-P9bmyZ3h/PRG+Nzga+rbdI4OEpNDzAVyy74uVO9ATgzLK6VtAsYybF/+TOCvrc0MO793d6+42lLyZTw7/ArVzA=="
    },
    "graphre": {
      "version": "0.1.3",
      "resolved": "https://registry.npmjs.org/graphre/-/graphre-0.1.3.tgz",
      "integrity": "sha512-F4OO/+BQj3R2UB3PQOGLgdAUy+SQuwy2A5cVGELAQDJlloSyyHqRe60ESFouRf8W0K+sm6gtWKotOwZoX3BL8w=="
    },
    "nomnoml": {
      "version": "1.3.1",
      "resolved": "https://registry.npmjs.org/nomnoml/-/nomnoml-1.3.1.tgz",
      "integrity": "sha512-zbB5SSNscnUHBrLAJelOchkY178tO70wEFU2k4B2+jpkqkdwRdoQzJ9vQaogAuNW/k8oPTRoXUz2TrKEW0Midw==",
      "requires": {
        "file-saver": "^2.0.2",
        "graphre": "^0.1.3"
      }
    }
  }
}
